// !$*UTF8*$!
{
	archiveVersion = 1;
	classes = {
	};
	objectVersion = 50;
	objects = {

/* Begin PBXBuildFile section */
		6228D4D220CA9BEC0031E173 /* AppDelegate.swift in Sources */ = {isa = PBXBuildFile; fileRef = 6228D4D120CA9BEC0031E173 /* AppDelegate.swift */; };
		6228D4D420CA9BEC0031E173 /* ViewController.swift in Sources */ = {isa = PBXBuildFile; fileRef = 6228D4D320CA9BEC0031E173 /* ViewController.swift */; };
		6228D4D720CA9BEC0031E173 /* Main.storyboard in Resources */ = {isa = PBXBuildFile; fileRef = 6228D4D520CA9BEC0031E173 /* Main.storyboard */; };
		6228D4D920CA9BF40031E173 /* Assets.xcassets in Resources */ = {isa = PBXBuildFile; fileRef = 6228D4D820CA9BF40031E173 /* Assets.xcassets */; };
		6228D4DC20CA9BF40031E173 /* LaunchScreen.storyboard in Resources */ = {isa = PBXBuildFile; fileRef = 6228D4DA20CA9BF40031E173 /* LaunchScreen.storyboard */; };
		6228D4E720CA9BF50031E173 /* tableview_kadaiTests.swift in Sources */ = {isa = PBXBuildFile; fileRef = 6228D4E620CA9BF50031E173 /* tableview_kadaiTests.swift */; };
		6228D4F220CA9BF50031E173 /* tableview_kadaiUITests.swift in Sources */ = {isa = PBXBuildFile; fileRef = 6228D4F120CA9BF50031E173 /* tableview_kadaiUITests.swift */; };
/* End PBXBuildFile section */

/* Begin PBXContainerItemProxy section */
		6228D4E320CA9BF50031E173 /* PBXContainerItemProxy */ = {
			isa = PBXContainerItemProxy;
			containerPortal = 6228D4C620CA9BEB0031E173 /* Project object */;
			proxyType = 1;
			remoteGlobalIDString = 6228D4CD20CA9BEB0031E173;
			remoteInfo = tableview_kadai;
		};
		6228D4EE20CA9BF50031E173 /* PBXContainerItemProxy */ = {
			isa = PBXContainerItemProxy;
			containerPortal = 6228D4C620CA9BEB0031E173 /* Project object */;
			proxyType = 1;
			remoteGlobalIDString = 6228D4CD20CA9BEB0031E173;
			remoteInfo = tableview_kadai;
		};
/* End PBXContainerItemProxy section */

/* Begin PBXFileReference section */
		6228D4CE20CA9BEB0031E173 /* tableview_kadai.app */ = {isa = PBXFileReference; explicitFileType = wrapper.application; includeInIndex = 0; path = tableview_kadai.app; sourceTree = BUILT_PRODUCTS_DIR; };
		6228D4D120CA9BEC0031E173 /* AppDelegate.swift */ = {isa = PBXFileReference; lastKnownFileType = sourcecode.swift; path = AppDelegate.swift; sourceTree = "<group>"; };
		6228D4D320CA9BEC0031E173 /* ViewController.swift */ = {isa = PBXFileReference; lastKnownFileType = sourcecode.swift; path = ViewController.swift; sourceTree = "<group>"; };
		6228D4D620CA9BEC0031E173 /* Base */ = {isa = PBXFileReference; lastKnownFileType = file.storyboard; name = Base; path = Base.lproj/Main.storyboard; sourceTree = "<group>"; };
		6228D4D820CA9BF40031E173 /* Assets.xcassets */ = {isa = PBXFileReference; lastKnownFileType = folder.assetcatalog; path = Assets.xcassets; sourceTree = "<group>"; };
		6228D4DB20CA9BF40031E173 /* Base */ = {isa = PBXFileReference; lastKnownFileType = file.storyboard; name = Base; path = Base.lproj/LaunchScreen.storyboard; sourceTree = "<group>"; };
		6228D4DD20CA9BF40031E173 /* Info.plist */ = {isa = PBXFileReference; lastKnownFileType = text.plist.xml; path = Info.plist; sourceTree = "<group>"; };
		6228D4E220CA9BF50031E173 /* tableview_kadaiTests.xctest */ = {isa = PBXFileReference; explicitFileType = wrapper.cfbundle; includeInIndex = 0; path = tableview_kadaiTests.xctest; sourceTree = BUILT_PRODUCTS_DIR; };
		6228D4E620CA9BF50031E173 /* tableview_kadaiTests.swift */ = {isa = PBXFileReference; lastKnownFileType = sourcecode.swift; path = tableview_kadaiTests.swift; sourceTree = "<group>"; };
		6228D4E820CA9BF50031E173 /* Info.plist */ = {isa = PBXFileReference; lastKnownFileType = text.plist.xml; path = Info.plist; sourceTree = "<group>"; };
		6228D4ED20CA9BF50031E173 /* tableview_kadaiUITests.xctest */ = {isa = PBXFileReference; explicitFileType = wrapper.cfbundle; includeInIndex = 0; path = tableview_kadaiUITests.xctest; sourceTree = BUILT_PRODUCTS_DIR; };
		6228D4F120CA9BF50031E173 /* tableview_kadaiUITests.swift */ = {isa = PBXFileReference; lastKnownFileType = sourcecode.swift; path = tableview_kadaiUITests.swift; sourceTree = "<group>"; };
		6228D4F320CA9BF50031E173 /* Info.plist */ = {isa = PBXFileReference; lastKnownFileType = text.plist.xml; path = Info.plist; sourceTree = "<group>"; };
/* End PBXFileReference section */

/* Begin PBXFrameworksBuildPhase section */
		6228D4CB20CA9BEB0031E173 /* Frameworks */ = {
			isa = PBXFrameworksBuildPhase;
			buildActionMask = 2147483647;
			files = (
			);
			runOnlyForDeploymentPostprocessing = 0;
		};
		6228D4DF20CA9BF50031E173 /* Frameworks */ = {
			isa = PBXFrameworksBuildPhase;
			buildActionMask = 2147483647;
			files = (
			);
			runOnlyForDeploymentPostprocessing = 0;
		};
		6228D4EA20CA9BF50031E173 /* Frameworks */ = {
			isa = PBXFrameworksBuildPhase;
			buildActionMask = 2147483647;
			files = (
			);
			runOnlyForDeploymentPostprocessing = 0;
		};
/* End PBXFrameworksBuildPhase section */

/* Begin PBXGroup section */
		6228D4C520CA9BEB0031E173 = {
			isa = PBXGroup;
			children = (
				6228D4D020CA9BEC0031E173 /* tableview_kadai */,
				6228D4E520CA9BF50031E173 /* tableview_kadaiTests */,
				6228D4F020CA9BF50031E173 /* tableview_kadaiUITests */,
				6228D4CF20CA9BEB0031E173 /* Products */,
			);
			sourceTree = "<group>";
		};
		6228D4CF20CA9BEB0031E173 /* Products */ = {
			isa = PBXGroup;
			children = (
				6228D4CE20CA9BEB0031E173 /* tableview_kadai.app */,
				6228D4E220CA9BF50031E173 /* tableview_kadaiTests.xctest */,
				6228D4ED20CA9BF50031E173 /* tableview_kadaiUITests.xctest */,
			);
			name = Products;
			sourceTree = "<group>";
		};
		6228D4D020CA9BEC0031E173 /* tableview_kadai */ = {
			isa = PBXGroup;
			children = (
				6228D4D120CA9BEC0031E173 /* AppDelegate.swift */,
				6228D4D320CA9BEC0031E173 /* ViewController.swift */,
				6228D4D520CA9BEC0031E173 /* Main.storyboard */,
				6228D4D820CA9BF40031E173 /* Assets.xcassets */,
				6228D4DA20CA9BF40031E173 /* LaunchScreen.storyboard */,
				6228D4DD20CA9BF40031E173 /* Info.plist */,
			);
			path = tableview_kadai;
			sourceTree = "<group>";
		};
		6228D4E520CA9BF50031E173 /* tableview_kadaiTests */ = {
			isa = PBXGroup;
			children = (
				6228D4E620CA9BF50031E173 /* tableview_kadaiTests.swift */,
				6228D4E820CA9BF50031E173 /* Info.plist */,
			);
			path = tableview_kadaiTests;
			sourceTree = "<group>";
		};
		6228D4F020CA9BF50031E173 /* tableview_kadaiUITests */ = {
			isa = PBXGroup;
			children = (
				6228D4F120CA9BF50031E173 /* tableview_kadaiUITests.swift */,
				6228D4F320CA9BF50031E173 /* Info.plist */,
			);
			path = tableview_kadaiUITests;
			sourceTree = "<group>";
		};
/* End PBXGroup section */

/* Begin PBXNativeTarget section */
		6228D4CD20CA9BEB0031E173 /* tableview_kadai */ = {
			isa = PBXNativeTarget;
			buildConfigurationList = 6228D4F620CA9BF50031E173 /* Build configuration list for PBXNativeTarget "tableview_kadai" */;
			buildPhases = (
				6228D4CA20CA9BEB0031E173 /* Sources */,
				6228D4CB20CA9BEB0031E173 /* Frameworks */,
				6228D4CC20CA9BEB0031E173 /* Resources */,
			);
			buildRules = (
			);
			dependencies = (
			);
			name = tableview_kadai;
			productName = tableview_kadai;
			productReference = 6228D4CE20CA9BEB0031E173 /* tableview_kadai.app */;
			productType = "com.apple.product-type.application";
		};
		6228D4E120CA9BF50031E173 /* tableview_kadaiTests */ = {
			isa = PBXNativeTarget;
			buildConfigurationList = 6228D4F920CA9BF50031E173 /* Build configuration list for PBXNativeTarget "tableview_kadaiTests" */;
			buildPhases = (
				6228D4DE20CA9BF50031E173 /* Sources */,
				6228D4DF20CA9BF50031E173 /* Frameworks */,
				6228D4E020CA9BF50031E173 /* Resources */,
			);
			buildRules = (
			);
			dependencies = (
				6228D4E420CA9BF50031E173 /* PBXTargetDependency */,
			);
			name = tableview_kadaiTests;
			productName = tableview_kadaiTests;
			productReference = 6228D4E220CA9BF50031E173 /* tableview_kadaiTests.xctest */;
			productType = "com.apple.product-type.bundle.unit-test";
		};
		6228D4EC20CA9BF50031E173 /* tableview_kadaiUITests */ = {
			isa = PBXNativeTarget;
			buildConfigurationList = 6228D4FC20CA9BF50031E173 /* Build configuration list for PBXNativeTarget "tableview_kadaiUITests" */;
			buildPhases = (
				6228D4E920CA9BF50031E173 /* Sources */,
				6228D4EA20CA9BF50031E173 /* Frameworks */,
				6228D4EB20CA9BF50031E173 /* Resources */,
			);
			buildRules = (
			);
			dependencies = (
				6228D4EF20CA9BF50031E173 /* PBXTargetDependency */,
			);
			name = tableview_kadaiUITests;
			productName = tableview_kadaiUITests;
			productReference = 6228D4ED20CA9BF50031E173 /* tableview_kadaiUITests.xctest */;
			productType = "com.apple.product-type.bundle.ui-testing";
		};
/* End PBXNativeTarget section */

/* Begin PBXProject section */
		6228D4C620CA9BEB0031E173 /* Project object */ = {
			isa = PBXProject;
			attributes = {
				LastSwiftUpdateCheck = 0930;
				LastUpgradeCheck = 0930;
				ORGANIZATIONNAME = "阿部一真";
				TargetAttributes = {
					6228D4CD20CA9BEB0031E173 = {
						CreatedOnToolsVersion = 9.3;
					};
					6228D4E120CA9BF50031E173 = {
						CreatedOnToolsVersion = 9.3;
						TestTargetID = 6228D4CD20CA9BEB0031E173;
					};
					6228D4EC20CA9BF50031E173 = {
						CreatedOnToolsVersion = 9.3;
						TestTargetID = 6228D4CD20CA9BEB0031E173;
					};
				};
			};
			buildConfigurationList = 6228D4C920CA9BEB0031E173 /* Build configuration list for PBXProject "tableview_kadai" */;
			compatibilityVersion = "Xcode 9.3";
			developmentRegion = en;
			hasScannedForEncodings = 0;
			knownRegions = (
				en,
				Base,
			);
			mainGroup = 6228D4C520CA9BEB0031E173;
			productRefGroup = 6228D4CF20CA9BEB0031E173 /* Products */;
			projectDirPath = "";
			projectRoot = "";
			targets = (
				6228D4CD20CA9BEB0031E173 /* tableview_kadai */,
				6228D4E120CA9BF50031E173 /* tableview_kadaiTests */,
				6228D4EC20CA9BF50031E173 /* tableview_kadaiUITests */,
			);
		};
/* End PBXProject section */

/* Begin PBXResourcesBuildPhase section */
		6228D4CC20CA9BEB0031E173 /* Resources */ = {
			isa = PBXResourcesBuildPhase;
			buildActionMask = 2147483647;
			files = (
				6228D4DC20CA9BF40031E173 /* LaunchScreen.storyboard in Resources */,
				6228D4D920CA9BF40031E173 /* Assets.xcassets in Resources */,
				6228D4D720CA9BEC0031E173 /* Main.storyboard in Resources */,
			);
			runOnlyForDeploymentPostprocessing = 0;
		};
		6228D4E020CA9BF50031E173 /* Resources */ = {
			isa = PBXResourcesBuildPhase;
			buildActionMask = 2147483647;
			files = (
			);
			runOnlyForDeploymentPostprocessing = 0;
		};
		6228D4EB20CA9BF50031E173 /* Resources */ = {
			isa = PBXResourcesBuildPhase;
			buildActionMask = 2147483647;
			files = (
			);
			runOnlyForDeploymentPostprocessing = 0;
		};
/* End PBXResourcesBuildPhase section */

/* Begin PBXSourcesBuildPhase section */
		6228D4CA20CA9BEB0031E173 /* Sources */ = {
			isa = PBXSourcesBuildPhase;
			buildActionMask = 2147483647;
			files = (
				6228D4D420CA9BEC0031E173 /* ViewController.swift in Sources */,
				6228D4D220CA9BEC0031E173 /* AppDelegate.swift in Sources */,
			);
			runOnlyForDeploymentPostprocessing = 0;
		};
		6228D4DE20CA9BF50031E173 /* Sources */ = {
			isa = PBXSourcesBuildPhase;
			buildActionMask = 2147483647;
			files = (
				6228D4E720CA9BF50031E173 /* tableview_kadaiTests.swift in Sources */,
			);
			runOnlyForDeploymentPostprocessing = 0;
		};
		6228D4E920CA9BF50031E173 /* Sources */ = {
			isa = PBXSourcesBuildPhase;
			buildActionMask = 2147483647;
			files = (
				6228D4F220CA9BF50031E173 /* tableview_kadaiUITests.swift in Sources */,
			);
			runOnlyForDeploymentPostprocessing = 0;
		};
/* End PBXSourcesBuildPhase section */

/* Begin PBXTargetDependency section */
		6228D4E420CA9BF50031E173 /* PBXTargetDependency */ = {
			isa = PBXTargetDependency;
			target = 6228D4CD20CA9BEB0031E173 /* tableview_kadai */;
			targetProxy = 6228D4E320CA9BF50031E173 /* PBXContainerItemProxy */;
		};
		6228D4EF20CA9BF50031E173 /* PBXTargetDependency */ = {
			isa = PBXTargetDependency;
			target = 6228D4CD20CA9BEB0031E173 /* tableview_kadai */;
			targetProxy = 6228D4EE20CA9BF50031E173 /* PBXContainerItemProxy */;
		};
/* End PBXTargetDependency section */

/* Begin PBXVariantGroup section */
		6228D4D520CA9BEC0031E173 /* Main.storyboard */ = {
			isa = PBXVariantGroup;
			children = (
				6228D4D620CA9BEC0031E173 /* Base */,
			);
			name = Main.storyboard;
			sourceTree = "<group>";
		};
		6228D4DA20CA9BF40031E173 /* LaunchScreen.storyboard */ = {
			isa = PBXVariantGroup;
			children = (
				6228D4DB20CA9BF40031E173 /* Base */,
			);
			name = LaunchScreen.storyboard;
			sourceTree = "<group>";
		};
/* End PBXVariantGroup section */

/* Begin XCBuildConfiguration section */
		6228D4F420CA9BF50031E173 /* Debug */ = {
			isa = XCBuildConfiguration;
			buildSettings = {
				ALWAYS_SEARCH_USER_PATHS = NO;
				CLANG_ANALYZER_NONNULL = YES;
				CLANG_ANALYZER_NUMBER_OBJECT_CONVERSION = YES_AGGRESSIVE;
				CLANG_CXX_LANGUAGE_STANDARD = "gnu++14";
				CLANG_CXX_LIBRARY = "libc++";
				CLANG_ENABLE_MODULES = YES;
				CLANG_ENABLE_OBJC_ARC = YES;
				CLANG_ENABLE_OBJC_WEAK = YES;
				CLANG_WARN_BLOCK_CAPTURE_AUTORELEASING = YES;
				CLANG_WARN_BOOL_CONVERSION = YES;
				CLANG_WARN_COMMA = YES;
				CLANG_WARN_CONSTANT_CONVERSION = YES;
				CLANG_WARN_DEPRECATED_OBJC_IMPLEMENTATIONS = YES;
				CLANG_WARN_DIRECT_OBJC_ISA_USAGE = YES_ERROR;
				CLANG_WARN_DOCUMENTATION_COMMENTS = YES;
				CLANG_WARN_EMPTY_BODY = YES;
				CLANG_WARN_ENUM_CONVERSION = YES;
				CLANG_WARN_INFINITE_RECURSION = YES;
				CLANG_WARN_INT_CONVERSION = YES;
				CLANG_WARN_NON_LITERAL_NULL_CONVERSION = YES;
				CLANG_WARN_OBJC_IMPLICIT_RETAIN_SELF = YES;
				CLANG_WARN_OBJC_LITERAL_CONVERSION = YES;
				CLANG_WARN_OBJC_ROOT_CLASS = YES_ERROR;
				CLANG_WARN_RANGE_LOOP_ANALYSIS = YES;
				CLANG_WARN_STRICT_PROTOTYPES = YES;
				CLANG_WARN_SUSPICIOUS_MOVE = YES;
				CLANG_WARN_UNGUARDED_AVAILABILITY = YES_AGGRESSIVE;
				CLANG_WARN_UNREACHABLE_CODE = YES;
				CLANG_WARN__DUPLICATE_METHOD_MATCH = YES;
				CODE_SIGN_IDENTITY = "iPhone Developer";
				COPY_PHASE_STRIP = NO;
				DEBUG_INFORMATION_FORMAT = dwarf;
				ENABLE_STRICT_OBJC_MSGSEND = YES;
				ENABLE_TESTABILITY = YES;
				GCC_C_LANGUAGE_STANDARD = gnu11;
				GCC_DYNAMIC_NO_PIC = NO;
				GCC_NO_COMMON_BLOCKS = YES;
				GCC_OPTIMIZATION_LEVEL = 0;
				GCC_PREPROCESSOR_DEFINITIONS = (
					"DEBUG=1",
					"$(inherited)",
				);
				GCC_WARN_64_TO_32_BIT_CONVERSION = YES;
				GCC_WARN_ABOUT_RETURN_TYPE = YES_ERROR;
				GCC_WARN_UNDECLARED_SELECTOR = YES;
				GCC_WARN_UNINITIALIZED_AUTOS = YES_AGGRESSIVE;
				GCC_WARN_UNUSED_FUNCTION = YES;
				GCC_WARN_UNUSED_VARIABLE = YES;
				IPHONEOS_DEPLOYMENT_TARGET = 11.3;
				MTL_ENABLE_DEBUG_INFO = YES;
				ONLY_ACTIVE_ARCH = YES;
				SDKROOT = iphoneos;
				SWIFT_ACTIVE_COMPILATION_CONDITIONS = DEBUG;
				SWIFT_OPTIMIZATION_LEVEL = "-Onone";
			};
			name = Debug;
		};
		6228D4F520CA9BF50031E173 /* Release */ = {
			isa = XCBuildConfiguration;
			buildSettings = {
				ALWAYS_SEARCH_USER_PATHS = NO;
				CLANG_ANALYZER_NONNULL = YES;
				CLANG_ANALYZER_NUMBER_OBJECT_CONVERSION = YES_AGGRESSIVE;
				CLANG_CXX_LANGUAGE_STANDARD = "gnu++14";
				CLANG_CXX_LIBRARY = "libc++";
				CLANG_ENABLE_MODULES = YES;
				CLANG_ENABLE_OBJC_ARC = YES;
				CLANG_ENABLE_OBJC_WEAK = YES;
				CLANG_WARN_BLOCK_CAPTURE_AUTORELEASING = YES;
				CLANG_WARN_BOOL_CONVERSION = YES;
				CLANG_WARN_COMMA = YES;
				CLANG_WARN_CONSTANT_CONVERSION = YES;
				CLANG_WARN_DEPRECATED_OBJC_IMPLEMENTATIONS = YES;
				CLANG_WARN_DIRECT_OBJC_ISA_USAGE = YES_ERROR;
				CLANG_WARN_DOCUMENTATION_COMMENTS = YES;
				CLANG_WARN_EMPTY_BODY = YES;
				CLANG_WARN_ENUM_CONVERSION = YES;
				CLANG_WARN_INFINITE_RECURSION = YES;
				CLANG_WARN_INT_CONVERSION = YES;
				CLANG_WARN_NON_LITERAL_NULL_CONVERSION = YES;
				CLANG_WARN_OBJC_IMPLICIT_RETAIN_SELF = YES;
				CLANG_WARN_OBJC_LITERAL_CONVERSION = YES;
				CLANG_WARN_OBJC_ROOT_CLASS = YES_ERROR;
				CLANG_WARN_RANGE_LOOP_ANALYSIS = YES;
				CLANG_WARN_STRICT_PROTOTYPES = YES;
				CLANG_WARN_SUSPICIOUS_MOVE = YES;
				CLANG_WARN_UNGUARDED_AVAILABILITY = YES_AGGRESSIVE;
				CLANG_WARN_UNREACHABLE_CODE = YES;
				CLANG_WARN__DUPLICATE_METHOD_MATCH = YES;
				CODE_SIGN_IDENTITY = "iPhone Developer";
				COPY_PHASE_STRIP = NO;
				DEBUG_INFORMATION_FORMAT = "dwarf-with-dsym";
				ENABLE_NS_ASSERTIONS = NO;
				ENABLE_STRICT_OBJC_MSGSEND = YES;
				GCC_C_LANGUAGE_STANDARD = gnu11;
				GCC_NO_COMMON_BLOCKS = YES;
				GCC_WARN_64_TO_32_BIT_CONVERSION = YES;
				GCC_WARN_ABOUT_RETURN_TYPE = YES_ERROR;
				GCC_WARN_UNDECLARED_SELECTOR = YES;
				GCC_WARN_UNINITIALIZED_AUTOS = YES_AGGRESSIVE;
				GCC_WARN_UNUSED_FUNCTION = YES;
				GCC_WARN_UNUSED_VARIABLE = YES;
				IPHONEOS_DEPLOYMENT_TARGET = 11.3;
				MTL_ENABLE_DEBUG_INFO = NO;
				SDKROOT = iphoneos;
				SWIFT_COMPILATION_MODE = wholemodule;
				SWIFT_OPTIMIZATION_LEVEL = "-O";
				VALIDATE_PRODUCT = YES;
			};
			name = Release;
		};
		6228D4F720CA9BF50031E173 /* Debug */ = {
			isa = XCBuildConfiguration;
			buildSettings = {
				ASSETCATALOG_COMPILER_APPICON_NAME = AppIcon;
				CODE_SIGN_STYLE = Automatic;
				DEVELOPMENT_TEAM = 2K446D59RQ;
				INFOPLIST_FILE = tableview_kadai/Info.plist;
				LD_RUNPATH_SEARCH_PATHS = (
					"$(inherited)",
					"@executable_path/Frameworks",
				);
				PRODUCT_BUNDLE_IDENTIFIER = "com.litech.tableview-kadai";
				PRODUCT_NAME = "$(TARGET_NAME)";
				SWIFT_VERSION = 4.0;
				TARGETED_DEVICE_FAMILY = "1,2";
			};
			name = Debug;
		};
		6228D4F820CA9BF50031E173 /* Release */ = {
			isa = XCBuildConfiguration;
			buildSettings = {
				ASSETCATALOG_COMPILER_APPICON_NAME = AppIcon;
				CODE_SIGN_STYLE = Automatic;
				DEVELOPMENT_TEAM = 2K446D59RQ;
				INFOPLIST_FILE = tableview_kadai/Info.plist;
				LD_RUNPATH_SEARCH_PATHS = (
					"$(inherited)",
					"@executable_path/Frameworks",
				);
				PRODUCT_BUNDLE_IDENTIFIER = "com.litech.tableview-kadai";
				PRODUCT_NAME = "$(TARGET_NAME)";
				SWIFT_VERSION = 4.0;
				TARGETED_DEVICE_FAMILY = "1,2";
			};
			name = Release;
		};
		6228D4FA20CA9BF50031E173 /* Debug */ = {
			isa = XCBuildConfiguration;
			buildSettings = {
				ALWAYS_EMBED_SWIFT_STANDARD_LIBRARIES = YES;
				BUNDLE_LOADER = "$(TEST_HOST)";
				CODE_SIGN_STYLE = Automatic;
				DEVELOPMENT_TEAM = 2K446D59RQ;
				INFOPLIST_FILE = tableview_kadaiTests/Info.plist;
				LD_RUNPATH_SEARCH_PATHS = (
					"$(inherited)",
					"@executable_path/Frameworks",
					"@loader_path/Frameworks",
				);
				PRODUCT_BUNDLE_IDENTIFIER = "com.litech.tableview-kadaiTests";
				PRODUCT_NAME = "$(TARGET_NAME)";
				SWIFT_VERSION = 4.0;
				TARGETED_DEVICE_FAMILY = "1,2";
				TEST_HOST = "$(BUILT_PRODUCTS_DIR)/tableview_kadai.app/tableview_kadai";
			};
			name = Debug;
		};
		6228D4FB20CA9BF50031E173 /* Release */ = {
			isa = XCBuildConfiguration;
			buildSettings = {
				ALWAYS_EMBED_SWIFT_STANDARD_LIBRARIES = YES;
				BUNDLE_LOADER = "$(TEST_HOST)";
				CODE_SIGN_STYLE = Automatic;
				DEVELOPMENT_TEAM = 2K446D59RQ;
				INFOPLIST_FILE = tableview_kadaiTests/Info.plist;
				LD_RUNPATH_SEARCH_PATHS = (
					"$(inherited)",
					"@executable_path/Frameworks",
					"@loader_path/Frameworks",
				);
				PRODUCT_BUNDLE_IDENTIFIER = "com.litech.tableview-kadaiTests";
				PRODUCT_NAME = "$(TARGET_NAME)";
				SWIFT_VERSION = 4.0;
				TARGETED_DEVICE_FAMILY = "1,2";
				TEST_HOST = "$(BUILT_PRODUCTS_DIR)/tableview_kadai.app/tableview_kadai";
			};
			name = Release;
		};
		6228D4FD20CA9BF50031E173 /* Debug */ = {
			isa = XCBuildConfiguration;
			buildSettings = {
				ALWAYS_EMBED_SWIFT_STANDARD_LIBRARIES = YES;
				CODE_SIGN_STYLE = Automatic;
				DEVELOPMENT_TEAM = 2K446D59RQ;
				INFOPLIST_FILE = tableview_kadaiUITests/Info.plist;
				LD_RUNPATH_SEARCH_PATHS = (
					"$(inherited)",
					"@executable_path/Frameworks",
					"@loader_path/Frameworks",
				);
				PRODUCT_BUNDLE_IDENTIFIER = "com.litech.tableview-kadaiUITests";
				PRODUCT_NAME = "$(TARGET_NAME)";
				SWIFT_VERSION = 4.0;
				TARGETED_DEVICE_FAMILY = "1,2";
				TEST_TARGET_NAME = tableview_kadai;
			};
			name = Debug;
		};
		6228D4FE20CA9BF50031E173 /* Release */ = {
			isa = XCBuildConfiguration;
			buildSettings = {
				ALWAYS_EMBED_SWIFT_STANDARD_LIBRARIES = YES;
				CODE_SIGN_STYLE = Automatic;
				DEVELOPMENT_TEAM = 2K446D59RQ;
				INFOPLIST_FILE = tableview_kadaiUITests/Info.plist;
				LD_RUNPATH_SEARCH_PATHS = (
					"$(inherited)",
					"@executable_path/Frameworks",
					"@loader_path/Frameworks",
				);
				PRODUCT_BUNDLE_IDENTIFIER = "com.litech.tableview-kadaiUITests";
				PRODUCT_NAME = "$(TARGET_NAME)";
				SWIFT_VERSION = 4.0;
				TARGETED_DEVICE_FAMILY = "1,2";
				TEST_TARGET_NAME = tableview_kadai;
			};
			name = Release;
		};
/* End XCBuildConfiguration section */

/* Begin XCConfigurationList section */
		6228D4C920CA9BEB0031E173 /* Build configuration list for PBXProject "tableview_kadai" */ = {
			isa = XCConfigurationList;
			buildConfigurations = (
				6228D4F420CA9BF50031E173 /* Debug */,
				6228D4F520CA9BF50031E173 /* Release */,
			);
			defaultConfigurationIsVisible = 0;
			defaultConfigurationName = Release;
		};
		6228D4F620CA9BF50031E173 /* Build configuration list for PBXNativeTarget "tableview_kadai" */ = {
			isa = XCConfigurationList;
			buildConfigurations = (
				6228D4F720CA9BF50031E173 /* Debug */,
				6228D4F820CA9BF50031E173 /* Release */,
			);
			defaultConfigurationIsVisible = 0;
			defaultConfigurationName = Release;
		};
		6228D4F920CA9BF50031E173 /* Build configuration list for PBXNativeTarget "tableview_kadaiTests" */ = {
			isa = XCConfigurationList;
			buildConfigurations = (
				6228D4FA20CA9BF50031E173 /* Debug */,
				6228D4FB20CA9BF50031E173 /* Release */,
			);
			defaultConfigurationIsVisible = 0;
			defaultConfigurationName = Release;
		};
		6228D4FC20CA9BF50031E173 /* Build configuration list for PBXNativeTarget "tableview_kadaiUITests" */ = {
			isa = XCConfigurationList;
			buildConfigurations = (
				6228D4FD20CA9BF50031E173 /* Debug */,
				6228D4FE20CA9BF50031E173 /* Release */,
			);
			defaultConfigurationIsVisible = 0;
			defaultConfigurationName = Release;
		};
/* End XCConfigurationList section */
	};
	rootObject = 6228D4C620CA9BEB0031E173 /* Project object */;
}
